// !$*UTF8*$!
{
	archiveVersion = 1;
	classes = {
	};
	objectVersion = 46;
	objects = {

/* Begin PBXBuildFile section */
		39600ECA1C25A12700FD93DB /* AppDelegate.swift in Sources */ = {isa = PBXBuildFile; fileRef = 39600EC91C25A12700FD93DB /* AppDelegate.swift */; };
		39600ECC1C25A12700FD93DB /* ViewController.swift in Sources */ = {isa = PBXBuildFile; fileRef = 39600ECB1C25A12700FD93DB /* ViewController.swift */; };
		39600ECF1C25A12700FD93DB /* Main.storyboard in Resources */ = {isa = PBXBuildFile; fileRef = 39600ECD1C25A12700FD93DB /* Main.storyboard */; };
		39600ED11C25A12700FD93DB /* Assets.xcassets in Resources */ = {isa = PBXBuildFile; fileRef = 39600ED01C25A12700FD93DB /* Assets.xcassets */; };
		39600ED41C25A12700FD93DB /* LaunchScreen.storyboard in Resources */ = {isa = PBXBuildFile; fileRef = 39600ED21C25A12700FD93DB /* LaunchScreen.storyboard */; };
		39600EDF1C25A12700FD93DB /* SpeachToTextTests.swift in Sources */ = {isa = PBXBuildFile; fileRef = 39600EDE1C25A12700FD93DB /* SpeachToTextTests.swift */; };
		39600EEA1C25A12700FD93DB /* SpeachToTextUITests.swift in Sources */ = {isa = PBXBuildFile; fileRef = 39600EE91C25A12700FD93DB /* SpeachToTextUITests.swift */; };
		39600EF81C25A38900FD93DB /* libiSpeechSDK.a in Frameworks */ = {isa = PBXBuildFile; fileRef = 39600EF71C25A38900FD93DB /* libiSpeechSDK.a */; };
		39600EFA1C25A3B400FD93DB /* Headers in Resources */ = {isa = PBXBuildFile; fileRef = 39600EF91C25A3B400FD93DB /* Headers */; };
		39600EFD1C25A41500FD93DB /* iSpeechSDK.bundle in Resources */ = {isa = PBXBuildFile; fileRef = 39600EFC1C25A41500FD93DB /* iSpeechSDK.bundle */; };
		39600EFF1C25A43500FD93DB /* AudioToolbox.framework in Frameworks */ = {isa = PBXBuildFile; fileRef = 39600EFE1C25A43500FD93DB /* AudioToolbox.framework */; };
		39600F011C25A44B00FD93DB /* SystemConfiguration.framework in Frameworks */ = {isa = PBXBuildFile; fileRef = 39600F001C25A44B00FD93DB /* SystemConfiguration.framework */; };
		39600F031C25A45F00FD93DB /* Security.framework in Frameworks */ = {isa = PBXBuildFile; fileRef = 39600F021C25A45F00FD93DB /* Security.framework */; };
		39600F051C25A46700FD93DB /* CFNetwork.framework in Frameworks */ = {isa = PBXBuildFile; fileRef = 39600F041C25A46700FD93DB /* CFNetwork.framework */; };
		39600F0A1C25A68E00FD93DB /* Compatibility Class in Resources */ = {isa = PBXBuildFile; fileRef = 39600F091C25A68E00FD93DB /* Compatibility Class */; };
/* End PBXBuildFile section */

/* Begin PBXContainerItemProxy section */
		39600EDB1C25A12700FD93DB /* PBXContainerItemProxy */ = {
			isa = PBXContainerItemProxy;
			containerPortal = 39600EBE1C25A12700FD93DB /* Project object */;
			proxyType = 1;
			remoteGlobalIDString = 39600EC51C25A12700FD93DB;
			remoteInfo = SpeachToText;
		};
		39600EE61C25A12700FD93DB /* PBXContainerItemProxy */ = {
			isa = PBXContainerItemProxy;
			containerPortal = 39600EBE1C25A12700FD93DB /* Project object */;
			proxyType = 1;
			remoteGlobalIDString = 39600EC51C25A12700FD93DB;
			remoteInfo = SpeachToText;
		};
/* End PBXContainerItemProxy section */

/* Begin PBXFileReference section */
		39600EC61C25A12700FD93DB /* SpeachToText.app */ = {isa = PBXFileReference; explicitFileType = wrapper.application; includeInIndex = 0; path = SpeachToText.app; sourceTree = BUILT_PRODUCTS_DIR; };
		39600EC91C25A12700FD93DB /* AppDelegate.swift */ = {isa = PBXFileReference; lastKnownFileType = sourcecode.swift; path = AppDelegate.swift; sourceTree = "<group>"; };
		39600ECB1C25A12700FD93DB /* ViewController.swift */ = {isa = PBXFileReference; lastKnownFileType = sourcecode.swift; path = ViewController.swift; sourceTree = "<group>"; };
		39600ECE1C25A12700FD93DB /* Base */ = {isa = PBXFileReference; lastKnownFileType = file.storyboard; name = Base; path = Base.lproj/Main.storyboard; sourceTree = "<group>"; };
		39600ED01C25A12700FD93DB /* Assets.xcassets */ = {isa = PBXFileReference; lastKnownFileType = folder.assetcatalog; path = Assets.xcassets; sourceTree = "<group>"; };
		39600ED31C25A12700FD93DB /* Base */ = {isa = PBXFileReference; lastKnownFileType = file.storyboard; name = Base; path = Base.lproj/LaunchScreen.storyboard; sourceTree = "<group>"; };
		39600ED51C25A12700FD93DB /* Info.plist */ = {isa = PBXFileReference; lastKnownFileType = text.plist.xml; path = Info.plist; sourceTree = "<group>"; };
		39600EDA1C25A12700FD93DB /* SpeachToTextTests.xctest */ = {isa = PBXFileReference; explicitFileType = wrapper.cfbundle; includeInIndex = 0; path = SpeachToTextTests.xctest; sourceTree = BUILT_PRODUCTS_DIR; };
		39600EDE1C25A12700FD93DB /* SpeachToTextTests.swift */ = {isa = PBXFileReference; lastKnownFileType = sourcecode.swift; path = SpeachToTextTests.swift; sourceTree = "<group>"; };
		39600EE01C25A12700FD93DB /* Info.plist */ = {isa = PBXFileReference; lastKnownFileType = text.plist.xml; path = Info.plist; sourceTree = "<group>"; };
		39600EE51C25A12700FD93DB /* SpeachToTextUITests.xctest */ = {isa = PBXFileReference; explicitFileType = wrapper.cfbundle; includeInIndex = 0; path = SpeachToTextUITests.xctest; sourceTree = BUILT_PRODUCTS_DIR; };
		39600EE91C25A12700FD93DB /* SpeachToTextUITests.swift */ = {isa = PBXFileReference; lastKnownFileType = sourcecode.swift; path = SpeachToTextUITests.swift; sourceTree = "<group>"; };
		39600EEB1C25A12700FD93DB /* Info.plist */ = {isa = PBXFileReference; lastKnownFileType = text.plist.xml; path = Info.plist; sourceTree = "<group>"; };
		39600EF71C25A38900FD93DB /* libiSpeechSDK.a */ = {isa = PBXFileReference; lastKnownFileType = archive.ar; path = libiSpeechSDK.a; sourceTree = "<group>"; };
		39600EF91C25A3B400FD93DB /* Headers */ = {isa = PBXFileReference; lastKnownFileType = folder; path = Headers; sourceTree = "<group>"; };
		39600EFC1C25A41500FD93DB /* iSpeechSDK.bundle */ = {isa = PBXFileReference; lastKnownFileType = "wrapper.plug-in"; path = iSpeechSDK.bundle; sourceTree = "<group>"; };
		39600EFE1C25A43500FD93DB /* AudioToolbox.framework */ = {isa = PBXFileReference; lastKnownFileType = wrapper.framework; name = AudioToolbox.framework; path = System/Library/Frameworks/AudioToolbox.framework; sourceTree = SDKROOT; };
		39600F001C25A44B00FD93DB /* SystemConfiguration.framework */ = {isa = PBXFileReference; lastKnownFileType = wrapper.framework; name = SystemConfiguration.framework; path = System/Library/Frameworks/SystemConfiguration.framework; sourceTree = SDKROOT; };
		39600F021C25A45F00FD93DB /* Security.framework */ = {isa = PBXFileReference; lastKnownFileType = wrapper.framework; name = Security.framework; path = System/Library/Frameworks/Security.framework; sourceTree = SDKROOT; };
		39600F041C25A46700FD93DB /* CFNetwork.framework */ = {isa = PBXFileReference; lastKnownFileType = wrapper.framework; name = CFNetwork.framework; path = System/Library/Frameworks/CFNetwork.framework; sourceTree = SDKROOT; };
		39600F061C25A49400FD93DB /* SpeachToText-Bridging-Header.h */ = {isa = PBXFileReference; lastKnownFileType = sourcecode.c.h; path = "SpeachToText-Bridging-Header.h"; sourceTree = "<group>"; };
		39600F091C25A68E00FD93DB /* Compatibility Class */ = {isa = PBXFileReference; lastKnownFileType = folder; path = "Compatibility Class"; sourceTree = "<group>"; };
/* End PBXFileReference section */

/* Begin PBXFrameworksBuildPhase section */
		39600EC31C25A12700FD93DB /* Frameworks */ = {
			isa = PBXFrameworksBuildPhase;
			buildActionMask = 2147483647;
			files = (
				39600F051C25A46700FD93DB /* CFNetwork.framework in Frameworks */,
				39600F031C25A45F00FD93DB /* Security.framework in Frameworks */,
				39600F011C25A44B00FD93DB /* SystemConfiguration.framework in Frameworks */,
				39600EFF1C25A43500FD93DB /* AudioToolbox.framework in Frameworks */,
				39600EF81C25A38900FD93DB /* libiSpeechSDK.a in Frameworks */,
			);
			runOnlyForDeploymentPostprocessing = 0;
		};
		39600ED71C25A12700FD93DB /* Frameworks */ = {
			isa = PBXFrameworksBuildPhase;
			buildActionMask = 2147483647;
			files = (
			);
			runOnlyForDeploymentPostprocessing = 0;
		};
		39600EE21C25A12700FD93DB /* Frameworks */ = {
			isa = PBXFrameworksBuildPhase;
			buildActionMask = 2147483647;
			files = (
			);
			runOnlyForDeploymentPostprocessing = 0;
		};
/* End PBXFrameworksBuildPhase section */

/* Begin PBXGroup section */
		39600EBD1C25A12700FD93DB = {
			isa = PBXGroup;
			children = (
				39600F041C25A46700FD93DB /* CFNetwork.framework */,
				39600F021C25A45F00FD93DB /* Security.framework */,
				39600F001C25A44B00FD93DB /* SystemConfiguration.framework */,
				39600EFE1C25A43500FD93DB /* AudioToolbox.framework */,
				39600EFB1C25A3EA00FD93DB /* Supported Files */,
				39600EF71C25A38900FD93DB /* libiSpeechSDK.a */,
				39600F091C25A68E00FD93DB /* Compatibility Class */,
				39600EF91C25A3B400FD93DB /* Headers */,
				39600EC81C25A12700FD93DB /* SpeachToText */,
				39600EDD1C25A12700FD93DB /* SpeachToTextTests */,
				39600EE81C25A12700FD93DB /* SpeachToTextUITests */,
				39600EC71C25A12700FD93DB /* Products */,
			);
			sourceTree = "<group>";
		};
		39600EC71C25A12700FD93DB /* Products */ = {
			isa = PBXGroup;
			children = (
				39600EC61C25A12700FD93DB /* SpeachToText.app */,
				39600EDA1C25A12700FD93DB /* SpeachToTextTests.xctest */,
				39600EE51C25A12700FD93DB /* SpeachToTextUITests.xctest */,
			);
			name = Products;
			sourceTree = "<group>";
		};
		39600EC81C25A12700FD93DB /* SpeachToText */ = {
			isa = PBXGroup;
			children = (
				39600EC91C25A12700FD93DB /* AppDelegate.swift */,
				39600ECB1C25A12700FD93DB /* ViewController.swift */,
				39600ECD1C25A12700FD93DB /* Main.storyboard */,
				39600ED01C25A12700FD93DB /* Assets.xcassets */,
				39600ED21C25A12700FD93DB /* LaunchScreen.storyboard */,
				39600ED51C25A12700FD93DB /* Info.plist */,
				39600F061C25A49400FD93DB /* SpeachToText-Bridging-Header.h */,
			);
			path = SpeachToText;
			sourceTree = "<group>";
		};
		39600EDD1C25A12700FD93DB /* SpeachToTextTests */ = {
			isa = PBXGroup;
			children = (
				39600EDE1C25A12700FD93DB /* SpeachToTextTests.swift */,
				39600EE01C25A12700FD93DB /* Info.plist */,
			);
			path = SpeachToTextTests;
			sourceTree = "<group>";
		};
		39600EE81C25A12700FD93DB /* SpeachToTextUITests */ = {
			isa = PBXGroup;
			children = (
				39600EE91C25A12700FD93DB /* SpeachToTextUITests.swift */,
				39600EEB1C25A12700FD93DB /* Info.plist */,
			);
			path = SpeachToTextUITests;
			sourceTree = "<group>";
		};
		39600EFB1C25A3EA00FD93DB /* Supported Files */ = {
			isa = PBXGroup;
			children = (
				39600EFC1C25A41500FD93DB /* iSpeechSDK.bundle */,
			);
			name = "Supported Files";
			sourceTree = "<group>";
		};
/* End PBXGroup section */

/* Begin PBXNativeTarget section */
		39600EC51C25A12700FD93DB /* SpeachToText */ = {
			isa = PBXNativeTarget;
			buildConfigurationList = 39600EEE1C25A12700FD93DB /* Build configuration list for PBXNativeTarget "SpeachToText" */;
			buildPhases = (
				39600EC21C25A12700FD93DB /* Sources */,
				39600EC31C25A12700FD93DB /* Frameworks */,
				39600EC41C25A12700FD93DB /* Resources */,
			);
			buildRules = (
			);
			dependencies = (
			);
			name = SpeachToText;
			productName = SpeachToText;
			productReference = 39600EC61C25A12700FD93DB /* SpeachToText.app */;
			productType = "com.apple.product-type.application";
		};
		39600ED91C25A12700FD93DB /* SpeachToTextTests */ = {
			isa = PBXNativeTarget;
			buildConfigurationList = 39600EF11C25A12700FD93DB /* Build configuration list for PBXNativeTarget "SpeachToTextTests" */;
			buildPhases = (
				39600ED61C25A12700FD93DB /* Sources */,
				39600ED71C25A12700FD93DB /* Frameworks */,
				39600ED81C25A12700FD93DB /* Resources */,
			);
			buildRules = (
			);
			dependencies = (
				39600EDC1C25A12700FD93DB /* PBXTargetDependency */,
			);
			name = SpeachToTextTests;
			productName = SpeachToTextTests;
			productReference = 39600EDA1C25A12700FD93DB /* SpeachToTextTests.xctest */;
			productType = "com.apple.product-type.bundle.unit-test";
		};
		39600EE41C25A12700FD93DB /* SpeachToTextUITests */ = {
			isa = PBXNativeTarget;
			buildConfigurationList = 39600EF41C25A12700FD93DB /* Build configuration list for PBXNativeTarget "SpeachToTextUITests" */;
			buildPhases = (
				39600EE11C25A12700FD93DB /* Sources */,
				39600EE21C25A12700FD93DB /* Frameworks */,
				39600EE31C25A12700FD93DB /* Resources */,
			);
			buildRules = (
			);
			dependencies = (
				39600EE71C25A12700FD93DB /* PBXTargetDependency */,
			);
			name = SpeachToTextUITests;
			productName = SpeachToTextUITests;
			productReference = 39600EE51C25A12700FD93DB /* SpeachToTextUITests.xctest */;
			productType = "com.apple.product-type.bundle.ui-testing";
		};
/* End PBXNativeTarget section */

/* Begin PBXProject section */
		39600EBE1C25A12700FD93DB /* Project object */ = {
			isa = PBXProject;
			attributes = {
				LastSwiftUpdateCheck = 0720;
				LastUpgradeCheck = 0720;
				ORGANIZATIONNAME = hackTbilisi;
				TargetAttributes = {
					39600EC51C25A12700FD93DB = {
						CreatedOnToolsVersion = 7.2;
					};
					39600ED91C25A12700FD93DB = {
						CreatedOnToolsVersion = 7.2;
						TestTargetID = 39600EC51C25A12700FD93DB;
					};
					39600EE41C25A12700FD93DB = {
						CreatedOnToolsVersion = 7.2;
						TestTargetID = 39600EC51C25A12700FD93DB;
					};
				};
			};
			buildConfigurationList = 39600EC11C25A12700FD93DB /* Build configuration list for PBXProject "SpeachToText" */;
			compatibilityVersion = "Xcode 3.2";
			developmentRegion = English;
			hasScannedForEncodings = 0;
			knownRegions = (
				en,
				Base,
			);
			mainGroup = 39600EBD1C25A12700FD93DB;
			productRefGroup = 39600EC71C25A12700FD93DB /* Products */;
			projectDirPath = "";
			projectRoot = "";
			targets = (
				39600EC51C25A12700FD93DB /* SpeachToText */,
				39600ED91C25A12700FD93DB /* SpeachToTextTests */,
				39600EE41C25A12700FD93DB /* SpeachToTextUITests */,
			);
		};
/* End PBXProject section */

/* Begin PBXResourcesBuildPhase section */
		39600EC41C25A12700FD93DB /* Resources */ = {
			isa = PBXResourcesBuildPhase;
			buildActionMask = 2147483647;
			files = (
				39600ED41C25A12700FD93DB /* LaunchScreen.storyboard in Resources */,
				39600ED11C25A12700FD93DB /* Assets.xcassets in Resources */,
				39600EFD1C25A41500FD93DB /* iSpeechSDK.bundle in Resources */,
				39600F0A1C25A68E00FD93DB /* Compatibility Class in Resources */,
				39600ECF1C25A12700FD93DB /* Main.storyboard in Resources */,
				39600EFA1C25A3B400FD93DB /* Headers in Resources */,
			);
			runOnlyForDeploymentPostprocessing = 0;
		};
		39600ED81C25A12700FD93DB /* Resources */ = {
			isa = PBXResourcesBuildPhase;
			buildActionMask = 2147483647;
			files = (
			);
			runOnlyForDeploymentPostprocessing = 0;
		};
		39600EE31C25A12700FD93DB /* Resources */ = {
			isa = PBXResourcesBuildPhase;
			buildActionMask = 2147483647;
			files = (
			);
			runOnlyForDeploymentPostprocessing = 0;
		};
/* End PBXResourcesBuildPhase section */

/* Begin PBXSourcesBuildPhase section */
		39600EC21C25A12700FD93DB /* Sources */ = {
			isa = PBXSourcesBuildPhase;
			buildActionMask = 2147483647;
			files = (
				39600ECC1C25A12700FD93DB /* ViewController.swift in Sources */,
				39600ECA1C25A12700FD93DB /* AppDelegate.swift in Sources */,
			);
			runOnlyForDeploymentPostprocessing = 0;
		};
		39600ED61C25A12700FD93DB /* Sources */ = {
			isa = PBXSourcesBuildPhase;
			buildActionMask = 2147483647;
			files = (
				39600EDF1C25A12700FD93DB /* SpeachToTextTests.swift in Sources */,
			);
			runOnlyForDeploymentPostprocessing = 0;
		};
		39600EE11C25A12700FD93DB /* Sources */ = {
			isa = PBXSourcesBuildPhase;
			buildActionMask = 2147483647;
			files = (
				39600EEA1C25A12700FD93DB /* SpeachToTextUITests.swift in Sources */,
			);
			runOnlyForDeploymentPostprocessing = 0;
		};
/* End PBXSourcesBuildPhase section */

/* Begin PBXTargetDependency section */
		39600EDC1C25A12700FD93DB /* PBXTargetDependency */ = {
			isa = PBXTargetDependency;
			target = 39600EC51C25A12700FD93DB /* SpeachToText */;
			targetProxy = 39600EDB1C25A12700FD93DB /* PBXContainerItemProxy */;
		};
		39600EE71C25A12700FD93DB /* PBXTargetDependency */ = {
			isa = PBXTargetDependency;
			target = 39600EC51C25A12700FD93DB /* SpeachToText */;
			targetProxy = 39600EE61C25A12700FD93DB /* PBXContainerItemProxy */;
		};
/* End PBXTargetDependency section */

/* Begin PBXVariantGroup section */
		39600ECD1C25A12700FD93DB /* Main.storyboard */ = {
			isa = PBXVariantGroup;
			children = (
				39600ECE1C25A12700FD93DB /* Base */,
			);
			name = Main.storyboard;
			sourceTree = "<group>";
		};
		39600ED21C25A12700FD93DB /* LaunchScreen.storyboard */ = {
			isa = PBXVariantGroup;
			children = (
				39600ED31C25A12700FD93DB /* Base */,
			);
			name = LaunchScreen.storyboard;
			sourceTree = "<group>";
		};
/* End PBXVariantGroup section */

/* Begin XCBuildConfiguration section */
		39600EEC1C25A12700FD93DB /* Debug */ = {
			isa = XCBuildConfiguration;
			buildSettings = {
				ALWAYS_SEARCH_USER_PATHS = NO;
				CLANG_CXX_LANGUAGE_STANDARD = "gnu++0x";
				CLANG_CXX_LIBRARY = "libc++";
				CLANG_ENABLE_MODULES = YES;
				CLANG_ENABLE_OBJC_ARC = YES;
				CLANG_WARN_BOOL_CONVERSION = YES;
				CLANG_WARN_CONSTANT_CONVERSION = YES;
				CLANG_WARN_DIRECT_OBJC_ISA_USAGE = YES_ERROR;
				CLANG_WARN_EMPTY_BODY = YES;
				CLANG_WARN_ENUM_CONVERSION = YES;
				CLANG_WARN_INT_CONVERSION = YES;
				CLANG_WARN_OBJC_ROOT_CLASS = YES_ERROR;
				CLANG_WARN_UNREACHABLE_CODE = YES;
				CLANG_WARN__DUPLICATE_METHOD_MATCH = YES;
				"CODE_SIGN_IDENTITY[sdk=iphoneos*]" = "iPhone Developer";
				COPY_PHASE_STRIP = NO;
				DEBUG_INFORMATION_FORMAT = dwarf;
				ENABLE_STRICT_OBJC_MSGSEND = YES;
				ENABLE_TESTABILITY = YES;
				GCC_C_LANGUAGE_STANDARD = gnu99;
				GCC_DYNAMIC_NO_PIC = NO;
				GCC_NO_COMMON_BLOCKS = YES;
				GCC_OPTIMIZATION_LEVEL = 0;
				GCC_PREPROCESSOR_DEFINITIONS = (
					"DEBUG=1",
					"$(inherited)",
				);
				GCC_WARN_64_TO_32_BIT_CONVERSION = YES;
				GCC_WARN_ABOUT_RETURN_TYPE = YES_ERROR;
				GCC_WARN_UNDECLARED_SELECTOR = YES;
				GCC_WARN_UNINITIALIZED_AUTOS = YES_AGGRESSIVE;
				GCC_WARN_UNUSED_FUNCTION = YES;
				GCC_WARN_UNUSED_VARIABLE = YES;
				IPHONEOS_DEPLOYMENT_TARGET = 9.2;
				MTL_ENABLE_DEBUG_INFO = YES;
				ONLY_ACTIVE_ARCH = YES;
				SDKROOT = iphoneos;
				SWIFT_OPTIMIZATION_LEVEL = "-Onone";
				TARGETED_DEVICE_FAMILY = "1,2";
			};
			name = Debug;
		};
		39600EED1C25A12700FD93DB /* Release */ = {
			isa = XCBuildConfiguration;
			buildSettings = {
				ALWAYS_SEARCH_USER_PATHS = NO;
				CLANG_CXX_LANGUAGE_STANDARD = "gnu++0x";
				CLANG_CXX_LIBRARY = "libc++";
				CLANG_ENABLE_MODULES = YES;
				CLANG_ENABLE_OBJC_ARC = YES;
				CLANG_WARN_BOOL_CONVERSION = YES;
				CLANG_WARN_CONSTANT_CONVERSION = YES;
				CLANG_WARN_DIRECT_OBJC_ISA_USAGE = YES_ERROR;
				CLANG_WARN_EMPTY_BODY = YES;
				CLANG_WARN_ENUM_CONVERSION = YES;
				CLANG_WARN_INT_CONVERSION = YES;
				CLANG_WARN_OBJC_ROOT_CLASS = YES_ERROR;
				CLANG_WARN_UNREACHABLE_CODE = YES;
				CLANG_WARN__DUPLICATE_METHOD_MATCH = YES;
				"CODE_SIGN_IDENTITY[sdk=iphoneos*]" = "iPhone Developer";
				COPY_PHASE_STRIP = NO;
				DEBUG_INFORMATION_FORMAT = "dwarf-with-dsym";
				ENABLE_NS_ASSERTIONS = NO;
				ENABLE_STRICT_OBJC_MSGSEND = YES;
				GCC_C_LANGUAGE_STANDARD = gnu99;
				GCC_NO_COMMON_BLOCKS = YES;
				GCC_WARN_64_TO_32_BIT_CONVERSION = YES;
				GCC_WARN_ABOUT_RETURN_TYPE = YES_ERROR;
				GCC_WARN_UNDECLARED_SELECTOR = YES;
				GCC_WARN_UNINITIALIZED_AUTOS = YES_AGGRESSIVE;
				GCC_WARN_UNUSED_FUNCTION = YES;
				GCC_WARN_UNUSED_VARIABLE = YES;
				IPHONEOS_DEPLOYMENT_TARGET = 9.2;
				MTL_ENABLE_DEBUG_INFO = NO;
				SDKROOT = iphoneos;
				TARGETED_DEVICE_FAMILY = "1,2";
				VALIDATE_PRODUCT = YES;
			};
			name = Release;
		};
		39600EEF1C25A12700FD93DB /* Debug */ = {
			isa = XCBuildConfiguration;
			buildSettings = {
				ASSETCATALOG_COMPILER_APPICON_NAME = AppIcon;
				CLANG_ENABLE_MODULES = YES;
				INFOPLIST_FILE = SpeachToText/Info.plist;
				LD_RUNPATH_SEARCH_PATHS = "$(inherited) @executable_path/Frameworks";
				LIBRARY_SEARCH_PATHS = (
					"$(inherited)",
					"$(PROJECT_DIR)",
				);
				OTHER_LDFLAGS = "-fobjc-arc";
				OTHER_LIBTOOLFLAGS = "-ObjC";
				PRODUCT_BUNDLE_IDENTIFIER = com.hackTbilisi.SpeachToText;
				PRODUCT_NAME = "$(TARGET_NAME)";
				SWIFT_OBJC_BRIDGING_HEADER = "SpeachToText/SpeachToText-Bridging-Header.h";
				SWIFT_OPTIMIZATION_LEVEL = "-Onone";
			};
			name = Debug;
		};
		39600EF01C25A12700FD93DB /* Release */ = {
			isa = XCBuildConfiguration;
			buildSettings = {
				ASSETCATALOG_COMPILER_APPICON_NAME = AppIcon;
				CLANG_ENABLE_MODULES = YES;
				INFOPLIST_FILE = SpeachToText/Info.plist;
				LD_RUNPATH_SEARCH_PATHS = "$(inherited) @executable_path/Frameworks";
				LIBRARY_SEARCH_PATHS = (
					"$(inherited)",
					"$(PROJECT_DIR)",
				);
				OTHER_LDFLAGS = "-fobjc-arc";
				OTHER_LIBTOOLFLAGS = "-ObjC";
				PRODUCT_BUNDLE_IDENTIFIER = com.hackTbilisi.SpeachToText;
				PRODUCT_NAME = "$(TARGET_NAME)";
				SWIFT_OBJC_BRIDGING_HEADER = "SpeachToText/SpeachToText-Bridging-Header.h";
			};
			name = Release;
		};
		39600EF21C25A12700FD93DB /* Debug */ = {
			isa = XCBuildConfiguration;
			buildSettings = {
				BUNDLE_LOADER = "$(TEST_HOST)";
				INFOPLIST_FILE = SpeachToTextTests/Info.plist;
				LD_RUNPATH_SEARCH_PATHS = "$(inherited) @executable_path/Frameworks @loader_path/Frameworks";
				PRODUCT_BUNDLE_IDENTIFIER = com.hackTbilisi.SpeachToTextTests;
				PRODUCT_NAME = "$(TARGET_NAME)";
				TEST_HOST = "$(BUILT_PRODUCTS_DIR)/SpeachToText.app/SpeachToText";
			};
			name = Debug;
		};
		39600EF31C25A12700FD93DB /* Release */ = {
			isa = XCBuildConfiguration;
			buildSettings = {
				BUNDLE_LOADER = "$(TEST_HOST)";
				INFOPLIST_FILE = SpeachToTextTests/Info.plist;
				LD_RUNPATH_SEARCH_PATHS = "$(inherited) @executable_path/Frameworks @loader_path/Frameworks";
				PRODUCT_BUNDLE_IDENTIFIER = com.hackTbilisi.SpeachToTextTests;
				PRODUCT_NAME = "$(TARGET_NAME)";
				TEST_HOST = "$(BUILT_PRODUCTS_DIR)/SpeachToText.app/SpeachToText";
			};
			name = Release;
		};
		39600EF51C25A12700FD93DB /* Debug */ = {
			isa = XCBuildConfiguration;
			buildSettings = {
				INFOPLIST_FILE = SpeachToTextUITests/Info.plist;
				LD_RUNPATH_SEARCH_PATHS = "$(inherited) @executable_path/Frameworks @loader_path/Frameworks";
				PRODUCT_BUNDLE_IDENTIFIER = com.hackTbilisi.SpeachToTextUITests;
				PRODUCT_NAME = "$(TARGET_NAME)";
				TEST_TARGET_NAME = SpeachToText;
				USES_XCTRUNNER = YES;
			};
			name = Debug;
		};
		39600EF61C25A12700FD93DB /* Release */ = {
			isa = XCBuildConfiguration;
			buildSettings = {
				INFOPLIST_FILE = SpeachToTextUITests/Info.plist;
				LD_RUNPATH_SEARCH_PATHS = "$(inherited) @executable_path/Frameworks @loader_path/Frameworks";
				PRODUCT_BUNDLE_IDENTIFIER = com.hackTbilisi.SpeachToTextUITests;
				PRODUCT_NAME = "$(TARGET_NAME)";
				TEST_TARGET_NAME = SpeachToText;
				USES_XCTRUNNER = YES;
			};
			name = Release;
		};
/* End XCBuildConfiguration section */

/* Begin XCConfigurationList section */
		39600EC11C25A12700FD93DB /* Build configuration list for PBXProject "SpeachToText" */ = {
			isa = XCConfigurationList;
			buildConfigurations = (
				39600EEC1C25A12700FD93DB /* Debug */,
				39600EED1C25A12700FD93DB /* Release */,
			);
			defaultConfigurationIsVisible = 0;
			defaultConfigurationName = Release;
		};
		39600EEE1C25A12700FD93DB /* Build configuration list for PBXNativeTarget "SpeachToText" */ = {
			isa = XCConfigurationList;
			buildConfigurations = (
				39600EEF1C25A12700FD93DB /* Debug */,
				39600EF01C25A12700FD93DB /* Release */,
			);
			defaultConfigurationIsVisible = 0;
		};
		39600EF11C25A12700FD93DB /* Build configuration list for PBXNativeTarget "SpeachToTextTests" */ = {
			isa = XCConfigurationList;
			buildConfigurations = (
				39600EF21C25A12700FD93DB /* Debug */,
				39600EF31C25A12700FD93DB /* Release */,
			);
			defaultConfigurationIsVisible = 0;
		};
		39600EF41C25A12700FD93DB /* Build configuration list for PBXNativeTarget "SpeachToTextUITests" */ = {
			isa = XCConfigurationList;
			buildConfigurations = (
				39600EF51C25A12700FD93DB /* Debug */,
				39600EF61C25A12700FD93DB /* Release */,
			);
			defaultConfigurationIsVisible = 0;
		};
/* End XCConfigurationList section */
	};
	rootObject = 39600EBE1C25A12700FD93DB /* Project object */;
}
